{
  "name": "IDMChrome",
  "lockfileVersion": 3,
  "requires": true,
  "packages": {
    "": {
      "dependencies": {
        "chrome-types": "^0.1.177"
      }
    },
    "node_modules/chrome-types": {
      "version": "0.1.177",
      "resolved": "https://registry.npmjs.org/chrome-types/-/chrome-types-0.1.177.tgz",
      "integrity": "sha512-o//B3pg5git2/pHaj9Xo9tJLNm7tPVzSTVi6hMbog8kdjYwR1qeY/H9wANreIGt0sx9EIDStzOTxbgwZDMzlkg=="
    }
  }
}
